
Microsoft Visual Studio Solution File, Format Version 12.00
# Visual Studio 15
VisualStudioVersion = 15.0.26730.16
MinimumVisualStudioVersion = 10.0.40219.1
Project("{FAE04EC0-301F-11D3-BF4B-00C04F79EFBC}") = "Thermory.Data", "Thermory.Data\Thermory.Data.csproj", "{3371B31B-A203-4EF8-90DD-4273C188CD6D}"
EndProject
Project("{FAE04EC0-301F-11D3-BF4B-00C04F79EFBC}") = "Thermory.Business", "Thermory.Business\Thermory.Business.csproj", "{4936C7D0-9E2D-459E-92E8-00DAAC92FFEA}"
EndProject
Project("{FAE04EC0-301F-11D3-BF4B-00C04F79EFBC}") = "Thermory.Web", "Thermory.Web\Thermory.Web.csproj", "{4FDEF4A9-CD7A-4D53-8548-B5DA36DF5459}"
EndProject
Project("{FAE04EC0-301F-11D3-BF4B-00C04F79EFBC}") = "Thermory.Domain", "Thermory.Domain\Thermory.Domain.csproj", "{A0CA1653-72EA-4E16-AFF9-2A0910D79657}"
EndProject
Project("{FAE04EC0-301F-11D3-BF4B-00C04F79EFBC}") = "Thermory.Data.Test", "Thermory.Data.Test\Thermory.Data.Test.csproj", "{9C3FB3CE-F671-496B-BD2D-9423D306DDD9}"
EndProject
Project("{FAE04EC0-301F-11D3-BF4B-00C04F79EFBC}") = "Thermory.Business.Test", "Thermory.Business.Test\Thermory.Business.Test.csproj", "{3849A068-5402-4CC2-85C7-8FA231A16C0B}"
EndProject
Project("{FAE04EC0-301F-11D3-BF4B-00C04F79EFBC}") = "Thermory.QueryEngine", "Thermory.QueryEngine\Thermory.QueryEngine.csproj", "{142172C0-3D9F-4AA5-8252-55987CE1703C}"
EndProject
Project("{FAE04EC0-301F-11D3-BF4B-00C04F79EFBC}") = "Thermory.QueryEngine.SqlServer", "Thermory.QueryEngine.SqlServer\Thermory.QueryEngine.SqlServer.csproj", "{7BE5DBCF-5F2F-4925-8C54-597565A127E7}"
EndProject
Project("{00D1A9C2-B5F0-4AF3-8072-F6C62B433612}") = "Thermory.Database", "Thermory.Database\Thermory.Database.sqlproj", "{E34CDDD5-7BD8-459F-87F3-7E6E505823CE}"
EndProject
Global
	GlobalSection(SolutionConfigurationPlatforms) = preSolution
		Azure|Any CPU = Azure|Any CPU
		Debug|Any CPU = Debug|Any CPU
		Release|Any CPU = Release|Any CPU
	EndGlobalSection
	GlobalSection(ProjectConfigurationPlatforms) = postSolution
		{3371B31B-A203-4EF8-90DD-4273C188CD6D}.Azure|Any CPU.ActiveCfg = Azure|Any CPU
		{3371B31B-A203-4EF8-90DD-4273C188CD6D}.Azure|Any CPU.Build.0 = Azure|Any CPU
		{3371B31B-A203-4EF8-90DD-4273C188CD6D}.Debug|Any CPU.ActiveCfg = Debug|Any CPU
		{3371B31B-A203-4EF8-90DD-4273C188CD6D}.Debug|Any CPU.Build.0 = Debug|Any CPU
		{3371B31B-A203-4EF8-90DD-4273C188CD6D}.Release|Any CPU.ActiveCfg = Production|Any CPU
		{3371B31B-A203-4EF8-90DD-4273C188CD6D}.Release|Any CPU.Build.0 = Production|Any CPU
		{4936C7D0-9E2D-459E-92E8-00DAAC92FFEA}.Azure|Any CPU.ActiveCfg = Azure|Any CPU
		{4936C7D0-9E2D-459E-92E8-00DAAC92FFEA}.Azure|Any CPU.Build.0 = Azure|Any CPU
		{4936C7D0-9E2D-459E-92E8-00DAAC92FFEA}.Debug|Any CPU.ActiveCfg = Debug|Any CPU
		{4936C7D0-9E2D-459E-92E8-00DAAC92FFEA}.Debug|Any CPU.Build.0 = Debug|Any CPU
		{4936C7D0-9E2D-459E-92E8-00DAAC92FFEA}.Release|Any CPU.ActiveCfg = Production|Any CPU
		{4936C7D0-9E2D-459E-92E8-00DAAC92FFEA}.Release|Any CPU.Build.0 = Production|Any CPU
		{4FDEF4A9-CD7A-4D53-8548-B5DA36DF5459}.Azure|Any CPU.ActiveCfg = Azure|Any CPU
		{4FDEF4A9-CD7A-4D53-8548-B5DA36DF5459}.Azure|Any CPU.Build.0 = Azure|Any CPU
		{4FDEF4A9-CD7A-4D53-8548-B5DA36DF5459}.Debug|Any CPU.ActiveCfg = Debug|Any CPU
		{4FDEF4A9-CD7A-4D53-8548-B5DA36DF5459}.Debug|Any CPU.Build.0 = Debug|Any CPU
		{4FDEF4A9-CD7A-4D53-8548-B5DA36DF5459}.Release|Any CPU.ActiveCfg = Release|Any CPU
		{4FDEF4A9-CD7A-4D53-8548-B5DA36DF5459}.Release|Any CPU.Build.0 = Release|Any CPU
		{A0CA1653-72EA-4E16-AFF9-2A0910D79657}.Azure|Any CPU.ActiveCfg = Azure|Any CPU
		{A0CA1653-72EA-4E16-AFF9-2A0910D79657}.Azure|Any CPU.Build.0 = Azure|Any CPU
		{A0CA1653-72EA-4E16-AFF9-2A0910D79657}.Debug|Any CPU.ActiveCfg = Debug|Any CPU
		{A0CA1653-72EA-4E16-AFF9-2A0910D79657}.Debug|Any CPU.Build.0 = Debug|Any CPU
		{A0CA1653-72EA-4E16-AFF9-2A0910D79657}.Release|Any CPU.ActiveCfg = Production|Any CPU
		{A0CA1653-72EA-4E16-AFF9-2A0910D79657}.Release|Any CPU.Build.0 = Production|Any CPU
		{9C3FB3CE-F671-496B-BD2D-9423D306DDD9}.Azure|Any CPU.ActiveCfg = Azure|Any CPU
		{9C3FB3CE-F671-496B-BD2D-9423D306DDD9}.Debug|Any CPU.ActiveCfg = Debug|Any CPU
		{9C3FB3CE-F671-496B-BD2D-9423D306DDD9}.Debug|Any CPU.Build.0 = Debug|Any CPU
		{9C3FB3CE-F671-496B-BD2D-9423D306DDD9}.Release|Any CPU.ActiveCfg = Production|Any CPU
		{3849A068-5402-4CC2-85C7-8FA231A16C0B}.Azure|Any CPU.ActiveCfg = Azure|Any CPU
		{3849A068-5402-4CC2-85C7-8FA231A16C0B}.Debug|Any CPU.ActiveCfg = Debug|Any CPU
		{3849A068-5402-4CC2-85C7-8FA231A16C0B}.Debug|Any CPU.Build.0 = Debug|Any CPU
		{3849A068-5402-4CC2-85C7-8FA231A16C0B}.Release|Any CPU.ActiveCfg = Production|Any CPU
		{142172C0-3D9F-4AA5-8252-55987CE1703C}.Azure|Any CPU.ActiveCfg = Azure|Any CPU
		{142172C0-3D9F-4AA5-8252-55987CE1703C}.Azure|Any CPU.Build.0 = Azure|Any CPU
		{142172C0-3D9F-4AA5-8252-55987CE1703C}.Debug|Any CPU.ActiveCfg = Debug|Any CPU
		{142172C0-3D9F-4AA5-8252-55987CE1703C}.Debug|Any CPU.Build.0 = Debug|Any CPU
		{142172C0-3D9F-4AA5-8252-55987CE1703C}.Release|Any CPU.ActiveCfg = Production|Any CPU
		{142172C0-3D9F-4AA5-8252-55987CE1703C}.Release|Any CPU.Build.0 = Production|Any CPU
		{7BE5DBCF-5F2F-4925-8C54-597565A127E7}.Azure|Any CPU.ActiveCfg = Azure|Any CPU
		{7BE5DBCF-5F2F-4925-8C54-597565A127E7}.Azure|Any CPU.Build.0 = Azure|Any CPU
		{7BE5DBCF-5F2F-4925-8C54-597565A127E7}.Debug|Any CPU.ActiveCfg = Debug|Any CPU
		{7BE5DBCF-5F2F-4925-8C54-597565A127E7}.Debug|Any CPU.Build.0 = Debug|Any CPU
		{7BE5DBCF-5F2F-4925-8C54-597565A127E7}.Release|Any CPU.ActiveCfg = Production|Any CPU
		{7BE5DBCF-5F2F-4925-8C54-597565A127E7}.Release|Any CPU.Build.0 = Production|Any CPU
		{E34CDDD5-7BD8-459F-87F3-7E6E505823CE}.Azure|Any CPU.ActiveCfg = Debug|Any CPU
		{E34CDDD5-7BD8-459F-87F3-7E6E505823CE}.Azure|Any CPU.Build.0 = Debug|Any CPU
		{E34CDDD5-7BD8-459F-87F3-7E6E505823CE}.Azure|Any CPU.Deploy.0 = Debug|Any CPU
		{E34CDDD5-7BD8-459F-87F3-7E6E505823CE}.Debug|Any CPU.ActiveCfg = Debug|Any CPU
		{E34CDDD5-7BD8-459F-87F3-7E6E505823CE}.Debug|Any CPU.Build.0 = Debug|Any CPU
		{E34CDDD5-7BD8-459F-87F3-7E6E505823CE}.Release|Any CPU.ActiveCfg = Release|Any CPU
		{E34CDDD5-7BD8-459F-87F3-7E6E505823CE}.Release|Any CPU.Build.0 = Release|Any CPU
		{E34CDDD5-7BD8-459F-87F3-7E6E505823CE}.Release|Any CPU.Deploy.0 = Release|Any CPU
	EndGlobalSection
	GlobalSection(SolutionProperties) = preSolution
		HideSolutionNode = FALSE
	EndGlobalSection
	GlobalSection(ExtensibilityGlobals) = postSolution
		SolutionGuid = {114348C0-35C3-4900-A188-02CF9A8ACAC3}
	EndGlobalSection
EndGlobal
